// !$*UTF8*$!
{
	archiveVersion = 1;
	classes = {
	};
	objectVersion = 56;
	objects = {

/* Begin PBXBuildFile section */
		EA78259F29BE5EDF00051A08 /* LandingView.swift in Sources */ = {isa = PBXBuildFile; fileRef = EA78259E29BE5EDF00051A08 /* LandingView.swift */; };
		EAA687842B986F1A00AC806A /* ViewModel.swift in Sources */ = {isa = PBXBuildFile; fileRef = EAA687832B986F1A00AC806A /* ViewModel.swift */; };
		EAA687872B98762900AC806A /* LevelSelectorView.swift in Sources */ = {isa = PBXBuildFile; fileRef = EAA687862B98762900AC806A /* LevelSelectorView.swift */; };
		EAA687892B98764500AC806A /* TablesSelectorView.swift in Sources */ = {isa = PBXBuildFile; fileRef = EAA687882B98764500AC806A /* TablesSelectorView.swift */; };
		EAA6878B2B9878BB00AC806A /* StartButtonView.swift in Sources */ = {isa = PBXBuildFile; fileRef = EAA6878A2B9878BB00AC806A /* StartButtonView.swift */; };
		EAA6878F2B98A2A200AC806A /* OptionsView.swift in Sources */ = {isa = PBXBuildFile; fileRef = EAA6878E2B98A2A200AC806A /* OptionsView.swift */; };
		EAC52C8729AD313F00AC4A19 /* eduentertainmentApp.swift in Sources */ = {isa = PBXBuildFile; fileRef = EAC52C8629AD313F00AC4A19 /* eduentertainmentApp.swift */; };
		EAC52C8929AD313F00AC4A19 /* ContentView.swift in Sources */ = {isa = PBXBuildFile; fileRef = EAC52C8829AD313F00AC4A19 /* ContentView.swift */; };
		EAC52C8B29AD314000AC4A19 /* Assets.xcassets in Resources */ = {isa = PBXBuildFile; fileRef = EAC52C8A29AD314000AC4A19 /* Assets.xcassets */; };
		EAC52C8E29AD314000AC4A19 /* Preview Assets.xcassets in Resources */ = {isa = PBXBuildFile; fileRef = EAC52C8D29AD314000AC4A19 /* Preview Assets.xcassets */; };
/* End PBXBuildFile section */

/* Begin PBXFileReference section */
		EA78259E29BE5EDF00051A08 /* LandingView.swift */ = {isa = PBXFileReference; lastKnownFileType = sourcecode.swift; path = LandingView.swift; sourceTree = "<group>"; };
		EAA687832B986F1A00AC806A /* ViewModel.swift */ = {isa = PBXFileReference; lastKnownFileType = sourcecode.swift; path = ViewModel.swift; sourceTree = "<group>"; };
		EAA687862B98762900AC806A /* LevelSelectorView.swift */ = {isa = PBXFileReference; lastKnownFileType = sourcecode.swift; path = LevelSelectorView.swift; sourceTree = "<group>"; };
		EAA687882B98764500AC806A /* TablesSelectorView.swift */ = {isa = PBXFileReference; lastKnownFileType = sourcecode.swift; path = TablesSelectorView.swift; sourceTree = "<group>"; };
		EAA6878A2B9878BB00AC806A /* StartButtonView.swift */ = {isa = PBXFileReference; lastKnownFileType = sourcecode.swift; path = StartButtonView.swift; sourceTree = "<group>"; };
		EAA6878E2B98A2A200AC806A /* OptionsView.swift */ = {isa = PBXFileReference; lastKnownFileType = sourcecode.swift; path = OptionsView.swift; sourceTree = "<group>"; };
		EAC52C8329AD313F00AC4A19 /* eduentertainment.app */ = {isa = PBXFileReference; explicitFileType = wrapper.application; includeInIndex = 0; path = eduentertainment.app; sourceTree = BUILT_PRODUCTS_DIR; };
		EAC52C8629AD313F00AC4A19 /* eduentertainmentApp.swift */ = {isa = PBXFileReference; lastKnownFileType = sourcecode.swift; path = eduentertainmentApp.swift; sourceTree = "<group>"; };
		EAC52C8829AD313F00AC4A19 /* ContentView.swift */ = {isa = PBXFileReference; lastKnownFileType = sourcecode.swift; path = ContentView.swift; sourceTree = "<group>"; };
		EAC52C8A29AD314000AC4A19 /* Assets.xcassets */ = {isa = PBXFileReference; lastKnownFileType = folder.assetcatalog; path = Assets.xcassets; sourceTree = "<group>"; };
		EAC52C8D29AD314000AC4A19 /* Preview Assets.xcassets */ = {isa = PBXFileReference; lastKnownFileType = folder.assetcatalog; path = "Preview Assets.xcassets"; sourceTree = "<group>"; };
/* End PBXFileReference section */

/* Begin PBXFrameworksBuildPhase section */
		EAC52C8029AD313F00AC4A19 /* Frameworks */ = {
			isa = PBXFrameworksBuildPhase;
			buildActionMask = 2147483647;
			files = (
			);
			runOnlyForDeploymentPostprocessing = 0;
		};
/* End PBXFrameworksBuildPhase section */

/* Begin PBXGroup section */
		EAA687852B98760B00AC806A /* Views */ = {
			isa = PBXGroup;
			children = (
				EAA6878C2B98925800AC806A /* StartUpViews */,
				EAA6878D2B98929000AC806A /* MainViews */,
			);
			path = Views;
			sourceTree = "<group>";
		};
		EAA6878C2B98925800AC806A /* StartUpViews */ = {
			isa = PBXGroup;
			children = (
				EAC52C8829AD313F00AC4A19 /* ContentView.swift */,
				EAA687882B98764500AC806A /* TablesSelectorView.swift */,
				EAA687862B98762900AC806A /* LevelSelectorView.swift */,
				EAA6878A2B9878BB00AC806A /* StartButtonView.swift */,
			);
			path = StartUpViews;
			sourceTree = "<group>";
		};
		EAA6878D2B98929000AC806A /* MainViews */ = {
			isa = PBXGroup;
			children = (
				EA78259E29BE5EDF00051A08 /* LandingView.swift */,
				EAA6878E2B98A2A200AC806A /* OptionsView.swift */,
			);
			path = MainViews;
			sourceTree = "<group>";
		};
		EAC52C7A29AD313F00AC4A19 = {
			isa = PBXGroup;
			children = (
				EAC52C8529AD313F00AC4A19 /* eduentertainment */,
				EAC52C8429AD313F00AC4A19 /* Products */,
			);
			sourceTree = "<group>";
		};
		EAC52C8429AD313F00AC4A19 /* Products */ = {
			isa = PBXGroup;
			children = (
				EAC52C8329AD313F00AC4A19 /* eduentertainment.app */,
			);
			name = Products;
			sourceTree = "<group>";
		};
		EAC52C8529AD313F00AC4A19 /* eduentertainment */ = {
			isa = PBXGroup;
			children = (
				EAC52C8629AD313F00AC4A19 /* eduentertainmentApp.swift */,
				EAA687832B986F1A00AC806A /* ViewModel.swift */,
				EAA687852B98760B00AC806A /* Views */,
				EAC52C8A29AD314000AC4A19 /* Assets.xcassets */,
				EAC52C8C29AD314000AC4A19 /* Preview Content */,
			);
			path = eduentertainment;
			sourceTree = "<group>";
		};
		EAC52C8C29AD314000AC4A19 /* Preview Content */ = {
			isa = PBXGroup;
			children = (
				EAC52C8D29AD314000AC4A19 /* Preview Assets.xcassets */,
			);
			path = "Preview Content";
			sourceTree = "<group>";
		};
/* End PBXGroup section */

/* Begin PBXNativeTarget section */
		EAC52C8229AD313F00AC4A19 /* eduentertainment */ = {
			isa = PBXNativeTarget;
			buildConfigurationList = EAC52C9129AD314000AC4A19 /* Build configuration list for PBXNativeTarget "eduentertainment" */;
			buildPhases = (
				EAC52C7F29AD313F00AC4A19 /* Sources */,
				EAC52C8029AD313F00AC4A19 /* Frameworks */,
				EAC52C8129AD313F00AC4A19 /* Resources */,
			);
			buildRules = (
			);
			dependencies = (
			);
			name = eduentertainment;
			productName = eduentertainment;
			productReference = EAC52C8329AD313F00AC4A19 /* eduentertainment.app */;
			productType = "com.apple.product-type.application";
		};
/* End PBXNativeTarget section */

/* Begin PBXProject section */
		EAC52C7B29AD313F00AC4A19 /* Project object */ = {
			isa = PBXProject;
			attributes = {
				BuildIndependentTargetsInParallel = 1;
				LastSwiftUpdateCheck = 1420;
				LastUpgradeCheck = 1420;
				TargetAttributes = {
					EAC52C8229AD313F00AC4A19 = {
						CreatedOnToolsVersion = 14.2;
					};
				};
			};
			buildConfigurationList = EAC52C7E29AD313F00AC4A19 /* Build configuration list for PBXProject "eduentertainment" */;
			compatibilityVersion = "Xcode 14.0";
			developmentRegion = en;
			hasScannedForEncodings = 0;
			knownRegions = (
				en,
				Base,
			);
			mainGroup = EAC52C7A29AD313F00AC4A19;
			productRefGroup = EAC52C8429AD313F00AC4A19 /* Products */;
			projectDirPath = "";
			projectRoot = "";
			targets = (
				EAC52C8229AD313F00AC4A19 /* eduentertainment */,
			);
		};
/* End PBXProject section */

/* Begin PBXResourcesBuildPhase section */
		EAC52C8129AD313F00AC4A19 /* Resources */ = {
			isa = PBXResourcesBuildPhase;
			buildActionMask = 2147483647;
			files = (
				EAC52C8E29AD314000AC4A19 /* Preview Assets.xcassets in Resources */,
				EAC52C8B29AD314000AC4A19 /* Assets.xcassets in Resources */,
			);
			runOnlyForDeploymentPostprocessing = 0;
		};
/* End PBXResourcesBuildPhase section */

/* Begin PBXSourcesBuildPhase section */
		EAC52C7F29AD313F00AC4A19 /* Sources */ = {
			isa = PBXSourcesBuildPhase;
			buildActionMask = 2147483647;
			files = (
				EAA687872B98762900AC806A /* LevelSelectorView.swift in Sources */,
				EAA687842B986F1A00AC806A /* ViewModel.swift in Sources */,
				EAA6878F2B98A2A200AC806A /* OptionsView.swift in Sources */,
				EAC52C8929AD313F00AC4A19 /* ContentView.swift in Sources */,
				EAC52C8729AD313F00AC4A19 /* eduentertainmentApp.swift in Sources */,
				EAA6878B2B9878BB00AC806A /* StartButtonView.swift in Sources */,
				EAA687892B98764500AC806A /* TablesSelectorView.swift in Sources */,
				EA78259F29BE5EDF00051A08 /* LandingView.swift in Sources */,
			);
			runOnlyForDeploymentPostprocessing = 0;
		};
/* End PBXSourcesBuildPhase section */

/* Begin XCBuildConfiguration section */
		EAC52C8F29AD314000AC4A19 /* Debug */ = {
			isa = XCBuildConfiguration;
			buildSettings = {
				ALWAYS_SEARCH_USER_PATHS = NO;
				CLANG_ANALYZER_NONNULL = YES;
				CLANG_ANALYZER_NUMBER_OBJECT_CONVERSION = YES_AGGRESSIVE;
				CLANG_CXX_LANGUAGE_STANDARD = "gnu++20";
				CLANG_ENABLE_MODULES = YES;
				CLANG_ENABLE_OBJC_ARC = YES;
				CLANG_ENABLE_OBJC_WEAK = YES;
				CLANG_WARN_BLOCK_CAPTURE_AUTORELEASING = YES;
				CLANG_WARN_BOOL_CONVERSION = YES;
				CLANG_WARN_COMMA = YES;
				CLANG_WARN_CONSTANT_CONVERSION = YES;
				CLANG_WARN_DEPRECATED_OBJC_IMPLEMENTATIONS = YES;
				CLANG_WARN_DIRECT_OBJC_ISA_USAGE = YES_ERROR;
				CLANG_WARN_DOCUMENTATION_COMMENTS = YES;
				CLANG_WARN_EMPTY_BODY = YES;
				CLANG_WARN_ENUM_CONVERSION = YES;
				CLANG_WARN_INFINITE_RECURSION = YES;
				CLANG_WARN_INT_CONVERSION = YES;
				CLANG_WARN_NON_LITERAL_NULL_CONVERSION = YES;
				CLANG_WARN_OBJC_IMPLICIT_RETAIN_SELF = YES;
				CLANG_WARN_OBJC_LITERAL_CONVERSION = YES;
				CLANG_WARN_OBJC_ROOT_CLASS = YES_ERROR;
				CLANG_WARN_QUOTED_INCLUDE_IN_FRAMEWORK_HEADER = YES;
				CLANG_WARN_RANGE_LOOP_ANALYSIS = YES;
				CLANG_WARN_STRICT_PROTOTYPES = YES;
				CLANG_WARN_SUSPICIOUS_MOVE = YES;
				CLANG_WARN_UNGUARDED_AVAILABILITY = YES_AGGRESSIVE;
				CLANG_WARN_UNREACHABLE_CODE = YES;
				CLANG_WARN__DUPLICATE_METHOD_MATCH = YES;
				COPY_PHASE_STRIP = NO;
				DEBUG_INFORMATION_FORMAT = dwarf;
				ENABLE_STRICT_OBJC_MSGSEND = YES;
				ENABLE_TESTABILITY = YES;
				GCC_C_LANGUAGE_STANDARD = gnu11;
				GCC_DYNAMIC_NO_PIC = NO;
				GCC_NO_COMMON_BLOCKS = YES;
				GCC_OPTIMIZATION_LEVEL = 0;
				GCC_PREPROCESSOR_DEFINITIONS = (
					"DEBUG=1",
					"$(inherited)",
				);
				GCC_WARN_64_TO_32_BIT_CONVERSION = YES;
				GCC_WARN_ABOUT_RETURN_TYPE = YES_ERROR;
				GCC_WARN_UNDECLARED_SELECTOR = YES;
				GCC_WARN_UNINITIALIZED_AUTOS = YES_AGGRESSIVE;
				GCC_WARN_UNUSED_FUNCTION = YES;
				GCC_WARN_UNUSED_VARIABLE = YES;
				IPHONEOS_DEPLOYMENT_TARGET = 16.2;
				MTL_ENABLE_DEBUG_INFO = INCLUDE_SOURCE;
				MTL_FAST_MATH = YES;
				ONLY_ACTIVE_ARCH = YES;
				SDKROOT = iphoneos;
				SWIFT_ACTIVE_COMPILATION_CONDITIONS = DEBUG;
				SWIFT_OPTIMIZATION_LEVEL = "-Onone";
			};
			name = Debug;
		};
		EAC52C9029AD314000AC4A19 /* Release */ = {
			isa = XCBuildConfiguration;
			buildSettings = {
				ALWAYS_SEARCH_USER_PATHS = NO;
				CLANG_ANALYZER_NONNULL = YES;
				CLANG_ANALYZER_NUMBER_OBJECT_CONVERSION = YES_AGGRESSIVE;
				CLANG_CXX_LANGUAGE_STANDARD = "gnu++20";
				CLANG_ENABLE_MODULES = YES;
				CLANG_ENABLE_OBJC_ARC = YES;
				CLANG_ENABLE_OBJC_WEAK = YES;
				CLANG_WARN_BLOCK_CAPTURE_AUTORELEASING = YES;
				CLANG_WARN_BOOL_CONVERSION = YES;
				CLANG_WARN_COMMA = YES;
				CLANG_WARN_CONSTANT_CONVERSION = YES;
				CLANG_WARN_DEPRECATED_OBJC_IMPLEMENTATIONS = YES;
				CLANG_WARN_DIRECT_OBJC_ISA_USAGE = YES_ERROR;
				CLANG_WARN_DOCUMENTATION_COMMENTS = YES;
				CLANG_WARN_EMPTY_BODY = YES;
				CLANG_WARN_ENUM_CONVERSION = YES;
				CLANG_WARN_INFINITE_RECURSION = YES;
				CLANG_WARN_INT_CONVERSION = YES;
				CLANG_WARN_NON_LITERAL_NULL_CONVERSION = YES;
				CLANG_WARN_OBJC_IMPLICIT_RETAIN_SELF = YES;
				CLANG_WARN_OBJC_LITERAL_CONVERSION = YES;
				CLANG_WARN_OBJC_ROOT_CLASS = YES_ERROR;
				CLANG_WARN_QUOTED_INCLUDE_IN_FRAMEWORK_HEADER = YES;
				CLANG_WARN_RANGE_LOOP_ANALYSIS = YES;
				CLANG_WARN_STRICT_PROTOTYPES = YES;
				CLANG_WARN_SUSPICIOUS_MOVE = YES;
				CLANG_WARN_UNGUARDED_AVAILABILITY = YES_AGGRESSIVE;
				CLANG_WARN_UNREACHABLE_CODE = YES;
				CLANG_WARN__DUPLICATE_METHOD_MATCH = YES;
				COPY_PHASE_STRIP = NO;
				DEBUG_INFORMATION_FORMAT = "dwarf-with-dsym";
				ENABLE_NS_ASSERTIONS = NO;
				ENABLE_STRICT_OBJC_MSGSEND = YES;
				GCC_C_LANGUAGE_STANDARD = gnu11;
				GCC_NO_COMMON_BLOCKS = YES;
				GCC_WARN_64_TO_32_BIT_CONVERSION = YES;
				GCC_WARN_ABOUT_RETURN_TYPE = YES_ERROR;
				GCC_WARN_UNDECLARED_SELECTOR = YES;
				GCC_WARN_UNINITIALIZED_AUTOS = YES_AGGRESSIVE;
				GCC_WARN_UNUSED_FUNCTION = YES;
				GCC_WARN_UNUSED_VARIABLE = YES;
				IPHONEOS_DEPLOYMENT_TARGET = 16.2;
				MTL_ENABLE_DEBUG_INFO = NO;
				MTL_FAST_MATH = YES;
				SDKROOT = iphoneos;
				SWIFT_COMPILATION_MODE = wholemodule;
				SWIFT_OPTIMIZATION_LEVEL = "-O";
				VALIDATE_PRODUCT = YES;
			};
			name = Release;
		};
		EAC52C9229AD314000AC4A19 /* Debug */ = {
			isa = XCBuildConfiguration;
			buildSettings = {
				ASSETCATALOG_COMPILER_APPICON_NAME = AppIcon;
				ASSETCATALOG_COMPILER_GLOBAL_ACCENT_COLOR_NAME = AccentColor;
				CODE_SIGN_STYLE = Automatic;
				CURRENT_PROJECT_VERSION = 1;
				DEVELOPMENT_ASSET_PATHS = "\"eduentertainment/Preview Content\"";
				ENABLE_PREVIEWS = YES;
				GENERATE_INFOPLIST_FILE = YES;
				INFOPLIST_KEY_CFBundleDisplayName = "Kiddies Multiply";
				INFOPLIST_KEY_UIApplicationSceneManifest_Generation = YES;
				INFOPLIST_KEY_UIApplicationSupportsIndirectInputEvents = YES;
				INFOPLIST_KEY_UILaunchScreen_Generation = YES;
				INFOPLIST_KEY_UISupportedInterfaceOrientations_iPad = "UIInterfaceOrientationPortrait UIInterfaceOrientationPortraitUpsideDown UIInterfaceOrientationLandscapeLeft UIInterfaceOrientationLandscapeRight";
				INFOPLIST_KEY_UISupportedInterfaceOrientations_iPhone = "UIInterfaceOrientationPortrait UIInterfaceOrientationLandscapeLeft UIInterfaceOrientationLandscapeRight";
				LD_RUNPATH_SEARCH_PATHS = (
					"$(inherited)",
					"@executable_path/Frameworks",
				);
				MARKETING_VERSION = 2.0;
				PRODUCT_BUNDLE_IDENTIFIER = me.macmaurice.eduentertainment;
				PRODUCT_NAME = "$(TARGET_NAME)";
				SWIFT_EMIT_LOC_STRINGS = YES;
				SWIFT_VERSION = 5.0;
				TARGETED_DEVICE_FAMILY = "1,2";
			};
			name = Debug;
		};
		EAC52C9329AD314000AC4A19 /* Release */ = {
			isa = XCBuildConfiguration;
			buildSettings = {
				ASSETCATALOG_COMPILER_APPICON_NAME = AppIcon;
				ASSETCATALOG_COMPILER_GLOBAL_ACCENT_COLOR_NAME = AccentColor;
				CODE_SIGN_STYLE = Automatic;
				CURRENT_PROJECT_VERSION = 1;
				DEVELOPMENT_ASSET_PATHS = "\"eduentertainment/Preview Content\"";
				ENABLE_PREVIEWS = YES;
				GENERATE_INFOPLIST_FILE = YES;
				INFOPLIST_KEY_CFBundleDisplayName = "Kiddies Multiply";
				INFOPLIST_KEY_UIApplicationSceneManifest_Generation = YES;
				INFOPLIST_KEY_UIApplicationSupportsIndirectInputEvents = YES;
				INFOPLIST_KEY_UILaunchScreen_Generation = YES;
				INFOPLIST_KEY_UISupportedInterfaceOrientations_iPad = "UIInterfaceOrientationPortrait UIInterfaceOrientationPortraitUpsideDown UIInterfaceOrientationLandscapeLeft UIInterfaceOrientationLandscapeRight";
				INFOPLIST_KEY_UISupportedInterfaceOrientations_iPhone = "UIInterfaceOrientationPortrait UIInterfaceOrientationLandscapeLeft UIInterfaceOrientationLandscapeRight";
				LD_RUNPATH_SEARCH_PATHS = (
					"$(inherited)",
					"@executable_path/Frameworks",
				);
				MARKETING_VERSION = 2.0;
				PRODUCT_BUNDLE_IDENTIFIER = me.macmaurice.eduentertainment;
				PRODUCT_NAME = "$(TARGET_NAME)";
				SWIFT_EMIT_LOC_STRINGS = YES;
				SWIFT_VERSION = 5.0;
				TARGETED_DEVICE_FAMILY = "1,2";
			};
			name = Release;
		};
/* End XCBuildConfiguration section */

/* Begin XCConfigurationList section */
		EAC52C7E29AD313F00AC4A19 /* Build configuration list for PBXProject "eduentertainment" */ = {
			isa = XCConfigurationList;
			buildConfigurations = (
				EAC52C8F29AD314000AC4A19 /* Debug */,
				EAC52C9029AD314000AC4A19 /* Release */,
			);
			defaultConfigurationIsVisible = 0;
			defaultConfigurationName = Release;
		};
		EAC52C9129AD314000AC4A19 /* Build configuration list for PBXNativeTarget "eduentertainment" */ = {
			isa = XCConfigurationList;
			buildConfigurations = (
				EAC52C9229AD314000AC4A19 /* Debug */,
				EAC52C9329AD314000AC4A19 /* Release */,
			);
			defaultConfigurationIsVisible = 0;
			defaultConfigurationName = Release;
		};
/* End XCConfigurationList section */
	};
	rootObject = EAC52C7B29AD313F00AC4A19 /* Project object */;
}
